
Microsoft Visual Studio Solution File, Format Version 12.00
# Visual Studio 15
VisualStudioVersion = 15.0.27703.2035
MinimumVisualStudioVersion = 10.0.40219.1
Project("{FAE04EC0-301F-11D3-BF4B-00C04F79EFBC}") = "mrt-workshop", "mrt-workshop\mrt-workshop.csproj", "{84D8AA58-66DB-4FAF-897A-C1488C05D4DB}"
EndProject
Global
	GlobalSection(SolutionConfigurationPlatforms) = preSolution
		Debug|Any CPU = Debug|Any CPU
		Release|Any CPU = Release|Any CPU
	EndGlobalSection
	GlobalSection(ProjectConfigurationPlatforms) = postSolution
		{84D8AA58-66DB-4FAF-897A-C1488C05D4DB}.Debug|Any CPU.ActiveCfg = Debug|Any CPU
		{84D8AA58-66DB-4FAF-897A-C1488C05D4DB}.Debug|Any CPU.Build.0 = Debug|Any CPU
		{84D8AA58-66DB-4FAF-897A-C1488C05D4DB}.Release|Any CPU.ActiveCfg = Release|Any CPU
		{84D8AA58-66DB-4FAF-897A-C1488C05D4DB}.Release|Any CPU.Build.0 = Release|Any CPU
	EndGlobalSection
	GlobalSection(SolutionProperties) = preSolution
		HideSolutionNode = FALSE
	EndGlobalSection
	GlobalSection(ExtensibilityGlobals) = postSolution
		SolutionGuid = {682787DD-F509-4769-9CF4-92B98302843B}
	EndGlobalSection
EndGlobal
